
Microsoft Visual Studio Solution File, Format Version 12.00
# Visual Studio Version 17
VisualStudioVersion = 17.6.33829.357
MinimumVisualStudioVersion = 10.0.40219.1
Project("{FAE04EC0-301F-11D3-BF4B-00C04F79EFBC}") = "oyun", "oyun\oyun.csproj", "{291866B9-9B06-42FC-84CE-B13D53E5BD0E}"
EndProject
Global
	GlobalSection(SolutionConfigurationPlatforms) = preSolution
		Debug|Any CPU = Debug|Any CPU
		Release|Any CPU = Release|Any CPU
	EndGlobalSection
	GlobalSection(ProjectConfigurationPlatforms) = postSolution
		{291866B9-9B06-42FC-84CE-B13D53E5BD0E}.Debug|Any CPU.ActiveCfg = Debug|Any CPU
		{291866B9-9B06-42FC-84CE-B13D53E5BD0E}.Debug|Any CPU.Build.0 = Debug|Any CPU
		{291866B9-9B06-42FC-84CE-B13D53E5BD0E}.Release|Any CPU.ActiveCfg = Release|Any CPU
		{291866B9-9B06-42FC-84CE-B13D53E5BD0E}.Release|Any CPU.Build.0 = Release|Any CPU
	EndGlobalSection
	GlobalSection(SolutionProperties) = preSolution
		HideSolutionNode = FALSE
	EndGlobalSection
	GlobalSection(ExtensibilityGlobals) = postSolution
		SolutionGuid = {FB450D92-B17D-45D3-AEC0-4BB1944BBF5D}
	EndGlobalSection
EndGlobal
